
Microsoft Visual Studio Solution File, Format Version 12.00
# Visual Studio Version 17
VisualStudioVersion = 17.3.32901.215
MinimumVisualStudioVersion = 10.0.40219.1
Project("{FAE04EC0-301F-11D3-BF4B-00C04F79EFBC}") = "Code", "Code.csproj", "{17BAF97A-5982-4CBE-87A7-7F0A5F16E20E}"
EndProject
Global
	GlobalSection(SolutionConfigurationPlatforms) = preSolution
		Debug|Any CPU = Debug|Any CPU
		Release|Any CPU = Release|Any CPU
	EndGlobalSection
	GlobalSection(ProjectConfigurationPlatforms) = postSolution
		{17BAF97A-5982-4CBE-87A7-7F0A5F16E20E}.Debug|Any CPU.ActiveCfg = Debug|Any CPU
		{17BAF97A-5982-4CBE-87A7-7F0A5F16E20E}.Debug|Any CPU.Build.0 = Debug|Any CPU
		{17BAF97A-5982-4CBE-87A7-7F0A5F16E20E}.Release|Any CPU.ActiveCfg = Release|Any CPU
		{17BAF97A-5982-4CBE-87A7-7F0A5F16E20E}.Release|Any CPU.Build.0 = Release|Any CPU
	EndGlobalSection
	GlobalSection(SolutionProperties) = preSolution
		HideSolutionNode = FALSE
	EndGlobalSection
	GlobalSection(ExtensibilityGlobals) = postSolution
		SolutionGuid = {DB97CC16-297F-4EAB-9FA0-3B444F08BFA5}
	EndGlobalSection
EndGlobal
